// !$*UTF8*$!
{
	archiveVersion = 1;
	classes = {
	};
	objectVersion = 50;
	objects = {

/* Begin PBXBuildFile section */
		F75E894F273842CD0065B07B /* Jalendar.framework in Frameworks */ = {isa = PBXBuildFile; fileRef = F75E8945273842CC0065B07B /* Jalendar.framework */; };
		F75E8954273842CD0065B07B /* JalendarTests.swift in Sources */ = {isa = PBXBuildFile; fileRef = F75E8953273842CD0065B07B /* JalendarTests.swift */; };
		F75E8956273842CD0065B07B /* Jalendar.h in Headers */ = {isa = PBXBuildFile; fileRef = F75E8948273842CC0065B07B /* Jalendar.h */; settings = {ATTRIBUTES = (Public, ); }; };
		F75E89662738439E0065B07B /* CalendarConfig.swift in Sources */ = {isa = PBXBuildFile; fileRef = F75E89652738439E0065B07B /* CalendarConfig.swift */; };
		F75E8968273843AB0065B07B /* WeekDay.swift in Sources */ = {isa = PBXBuildFile; fileRef = F75E8967273843AB0065B07B /* WeekDay.swift */; };
		F75E896A273847180065B07B /* CalendarConfigBuilder.swift in Sources */ = {isa = PBXBuildFile; fileRef = F75E8969273847180065B07B /* CalendarConfigBuilder.swift */; };
		F75E896C273848250065B07B /* CalendarDefaultConfig.swift in Sources */ = {isa = PBXBuildFile; fileRef = F75E896B273848250065B07B /* CalendarDefaultConfig.swift */; };
		F75E896E27384A270065B07B /* CalendarView.swift in Sources */ = {isa = PBXBuildFile; fileRef = F75E896D27384A270065B07B /* CalendarView.swift */; };
		F75E897027384A460065B07B /* CalendarDataSource.swift in Sources */ = {isa = PBXBuildFile; fileRef = F75E896F27384A460065B07B /* CalendarDataSource.swift */; };
		F75E897627384B260065B07B /* CalendarDelegate.swift in Sources */ = {isa = PBXBuildFile; fileRef = F75E897527384B260065B07B /* CalendarDelegate.swift */; };
		F75E897827384B600065B07B /* Calendar+Extensions.swift in Sources */ = {isa = PBXBuildFile; fileRef = F75E897727384B600065B07B /* Calendar+Extensions.swift */; };
		F75E897B27384B960065B07B /* Constants.swift in Sources */ = {isa = PBXBuildFile; fileRef = F75E897A27384B960065B07B /* Constants.swift */; };
		F7D95772273C32A10055B031 /* WeekdayView.swift in Sources */ = {isa = PBXBuildFile; fileRef = F7D95771273C32A10055B031 /* WeekdayView.swift */; };
		F7D95774273C32BD0055B031 /* MonthView.swift in Sources */ = {isa = PBXBuildFile; fileRef = F7D95773273C32BD0055B031 /* MonthView.swift */; };
		F7D95776273C3EA90055B031 /* Date+Extensions.swift in Sources */ = {isa = PBXBuildFile; fileRef = F7D95775273C3EA90055B031 /* Date+Extensions.swift */; };
/* End PBXBuildFile section */

/* Begin PBXContainerItemProxy section */
		F75E8950273842CD0065B07B /* PBXContainerItemProxy */ = {
			isa = PBXContainerItemProxy;
			containerPortal = F75E893C273842CC0065B07B /* Project object */;
			proxyType = 1;
			remoteGlobalIDString = F75E8944273842CC0065B07B;
			remoteInfo = Jalendar;
		};
/* End PBXContainerItemProxy section */

/* Begin PBXFileReference section */
		F75E8945273842CC0065B07B /* Jalendar.framework */ = {isa = PBXFileReference; explicitFileType = wrapper.framework; includeInIndex = 0; path = Jalendar.framework; sourceTree = BUILT_PRODUCTS_DIR; };
		F75E8948273842CC0065B07B /* Jalendar.h */ = {isa = PBXFileReference; lastKnownFileType = sourcecode.c.h; path = Jalendar.h; sourceTree = "<group>"; };
		F75E8949273842CC0065B07B /* Info.plist */ = {isa = PBXFileReference; lastKnownFileType = text.plist.xml; path = Info.plist; sourceTree = "<group>"; };
		F75E894E273842CD0065B07B /* JalendarTests.xctest */ = {isa = PBXFileReference; explicitFileType = wrapper.cfbundle; includeInIndex = 0; path = JalendarTests.xctest; sourceTree = BUILT_PRODUCTS_DIR; };
		F75E8953273842CD0065B07B /* JalendarTests.swift */ = {isa = PBXFileReference; lastKnownFileType = sourcecode.swift; path = JalendarTests.swift; sourceTree = "<group>"; };
		F75E8955273842CD0065B07B /* Info.plist */ = {isa = PBXFileReference; lastKnownFileType = text.plist.xml; path = Info.plist; sourceTree = "<group>"; };
		F75E89652738439E0065B07B /* CalendarConfig.swift */ = {isa = PBXFileReference; lastKnownFileType = sourcecode.swift; path = CalendarConfig.swift; sourceTree = "<group>"; };
		F75E8967273843AB0065B07B /* WeekDay.swift */ = {isa = PBXFileReference; lastKnownFileType = sourcecode.swift; path = WeekDay.swift; sourceTree = "<group>"; };
		F75E8969273847180065B07B /* CalendarConfigBuilder.swift */ = {isa = PBXFileReference; lastKnownFileType = sourcecode.swift; path = CalendarConfigBuilder.swift; sourceTree = "<group>"; };
		F75E896B273848250065B07B /* CalendarDefaultConfig.swift */ = {isa = PBXFileReference; lastKnownFileType = sourcecode.swift; path = CalendarDefaultConfig.swift; sourceTree = "<group>"; };
		F75E896D27384A270065B07B /* CalendarView.swift */ = {isa = PBXFileReference; lastKnownFileType = sourcecode.swift; path = CalendarView.swift; sourceTree = "<group>"; };
		F75E896F27384A460065B07B /* CalendarDataSource.swift */ = {isa = PBXFileReference; lastKnownFileType = sourcecode.swift; path = CalendarDataSource.swift; sourceTree = "<group>"; };
		F75E897527384B260065B07B /* CalendarDelegate.swift */ = {isa = PBXFileReference; lastKnownFileType = sourcecode.swift; path = CalendarDelegate.swift; sourceTree = "<group>"; };
		F75E897727384B600065B07B /* Calendar+Extensions.swift */ = {isa = PBXFileReference; lastKnownFileType = sourcecode.swift; path = "Calendar+Extensions.swift"; sourceTree = "<group>"; };
		F75E897A27384B960065B07B /* Constants.swift */ = {isa = PBXFileReference; lastKnownFileType = sourcecode.swift; path = Constants.swift; sourceTree = "<group>"; };
		F7D95771273C32A10055B031 /* WeekdayView.swift */ = {isa = PBXFileReference; lastKnownFileType = sourcecode.swift; path = WeekdayView.swift; sourceTree = "<group>"; };
		F7D95773273C32BD0055B031 /* MonthView.swift */ = {isa = PBXFileReference; lastKnownFileType = sourcecode.swift; path = MonthView.swift; sourceTree = "<group>"; };
		F7D95775273C3EA90055B031 /* Date+Extensions.swift */ = {isa = PBXFileReference; lastKnownFileType = sourcecode.swift; path = "Date+Extensions.swift"; sourceTree = "<group>"; };
/* End PBXFileReference section */

/* Begin PBXFrameworksBuildPhase section */
		F75E8942273842CC0065B07B /* Frameworks */ = {
			isa = PBXFrameworksBuildPhase;
			buildActionMask = 2147483647;
			files = (
			);
			runOnlyForDeploymentPostprocessing = 0;
		};
		F75E894B273842CD0065B07B /* Frameworks */ = {
			isa = PBXFrameworksBuildPhase;
			buildActionMask = 2147483647;
			files = (
				F75E894F273842CD0065B07B /* Jalendar.framework in Frameworks */,
			);
			runOnlyForDeploymentPostprocessing = 0;
		};
/* End PBXFrameworksBuildPhase section */

/* Begin PBXGroup section */
		F75E893B273842CC0065B07B = {
			isa = PBXGroup;
			children = (
				F75E8947273842CC0065B07B /* Jalendar */,
				F75E8952273842CD0065B07B /* JalendarTests */,
				F75E8946273842CC0065B07B /* Products */,
			);
			sourceTree = "<group>";
		};
		F75E8946273842CC0065B07B /* Products */ = {
			isa = PBXGroup;
			children = (
				F75E8945273842CC0065B07B /* Jalendar.framework */,
				F75E894E273842CD0065B07B /* JalendarTests.xctest */,
			);
			name = Products;
			sourceTree = "<group>";
		};
		F75E8947273842CC0065B07B /* Jalendar */ = {
			isa = PBXGroup;
			children = (
				F75E8961273843330065B07B /* Config */,
				F75E8960273842F60065B07B /* Calendar */,
				F75E895F273842EE0065B07B /* Model */,
				F75E897927384B7C0065B07B /* Extensions */,
				F75E8964273843710065B07B /* Helper+Utilities */,
				F75E8948273842CC0065B07B /* Jalendar.h */,
				F75E8949273842CC0065B07B /* Info.plist */,
			);
			path = Jalendar;
			sourceTree = "<group>";
		};
		F75E8952273842CD0065B07B /* JalendarTests */ = {
			isa = PBXGroup;
			children = (
				F75E8953273842CD0065B07B /* JalendarTests.swift */,
				F75E8955273842CD0065B07B /* Info.plist */,
			);
			path = JalendarTests;
			sourceTree = "<group>";
		};
		F75E895F273842EE0065B07B /* Model */ = {
			isa = PBXGroup;
			children = (
				F75E8967273843AB0065B07B /* WeekDay.swift */,
			);
			path = Model;
			sourceTree = "<group>";
		};
		F75E8960273842F60065B07B /* Calendar */ = {
			isa = PBXGroup;
			children = (
				F75E8963273843630065B07B /* Views */,
				F75E89622738433F0065B07B /* DataSources+Delegate */,
			);
			path = Calendar;
			sourceTree = "<group>";
		};
		F75E8961273843330065B07B /* Config */ = {
			isa = PBXGroup;
			children = (
				F75E89652738439E0065B07B /* CalendarConfig.swift */,
				F75E8969273847180065B07B /* CalendarConfigBuilder.swift */,
				F75E896B273848250065B07B /* CalendarDefaultConfig.swift */,
			);
			path = Config;
			sourceTree = "<group>";
		};
		F75E89622738433F0065B07B /* DataSources+Delegate */ = {
			isa = PBXGroup;
			children = (
				F75E896F27384A460065B07B /* CalendarDataSource.swift */,
				F75E897527384B260065B07B /* CalendarDelegate.swift */,
			);
			path = "DataSources+Delegate";
			sourceTree = "<group>";
		};
		F75E8963273843630065B07B /* Views */ = {
			isa = PBXGroup;
			children = (
				F75E896D27384A270065B07B /* CalendarView.swift */,
				F7D95771273C32A10055B031 /* WeekdayView.swift */,
				F7D95773273C32BD0055B031 /* MonthView.swift */,
			);
			path = Views;
			sourceTree = "<group>";
		};
		F75E8964273843710065B07B /* Helper+Utilities */ = {
			isa = PBXGroup;
			children = (
				F75E897A27384B960065B07B /* Constants.swift */,
			);
			path = "Helper+Utilities";
			sourceTree = "<group>";
		};
		F75E897927384B7C0065B07B /* Extensions */ = {
			isa = PBXGroup;
			children = (
				F75E897727384B600065B07B /* Calendar+Extensions.swift */,
				F7D95775273C3EA90055B031 /* Date+Extensions.swift */,
			);
			path = Extensions;
			sourceTree = "<group>";
		};
/* End PBXGroup section */

/* Begin PBXHeadersBuildPhase section */
		F75E8940273842CC0065B07B /* Headers */ = {
			isa = PBXHeadersBuildPhase;
			buildActionMask = 2147483647;
			files = (
				F75E8956273842CD0065B07B /* Jalendar.h in Headers */,
			);
			runOnlyForDeploymentPostprocessing = 0;
		};
/* End PBXHeadersBuildPhase section */

/* Begin PBXNativeTarget section */
		F75E8944273842CC0065B07B /* Jalendar */ = {
			isa = PBXNativeTarget;
			buildConfigurationList = F75E8959273842CD0065B07B /* Build configuration list for PBXNativeTarget "Jalendar" */;
			buildPhases = (
				F75E8940273842CC0065B07B /* Headers */,
				F75E8941273842CC0065B07B /* Sources */,
				F75E8942273842CC0065B07B /* Frameworks */,
				F75E8943273842CC0065B07B /* Resources */,
			);
			buildRules = (
			);
			dependencies = (
			);
			name = Jalendar;
			productName = Jalendar;
			productReference = F75E8945273842CC0065B07B /* Jalendar.framework */;
			productType = "com.apple.product-type.framework";
		};
		F75E894D273842CD0065B07B /* JalendarTests */ = {
			isa = PBXNativeTarget;
			buildConfigurationList = F75E895C273842CD0065B07B /* Build configuration list for PBXNativeTarget "JalendarTests" */;
			buildPhases = (
				F75E894A273842CD0065B07B /* Sources */,
				F75E894B273842CD0065B07B /* Frameworks */,
				F75E894C273842CD0065B07B /* Resources */,
			);
			buildRules = (
			);
			dependencies = (
				F75E8951273842CD0065B07B /* PBXTargetDependency */,
			);
			name = JalendarTests;
			productName = JalendarTests;
			productReference = F75E894E273842CD0065B07B /* JalendarTests.xctest */;
			productType = "com.apple.product-type.bundle.unit-test";
		};
/* End PBXNativeTarget section */

/* Begin PBXProject section */
		F75E893C273842CC0065B07B /* Project object */ = {
			isa = PBXProject;
			attributes = {
				LastSwiftUpdateCheck = 1250;
				LastUpgradeCheck = 1250;
				TargetAttributes = {
					F75E8944273842CC0065B07B = {
						CreatedOnToolsVersion = 12.5.1;
						LastSwiftMigration = 1250;
					};
					F75E894D273842CD0065B07B = {
						CreatedOnToolsVersion = 12.5.1;
					};
				};
			};
			buildConfigurationList = F75E893F273842CC0065B07B /* Build configuration list for PBXProject "Jalendar" */;
			compatibilityVersion = "Xcode 9.3";
			developmentRegion = en;
			hasScannedForEncodings = 0;
			knownRegions = (
				en,
				Base,
			);
			mainGroup = F75E893B273842CC0065B07B;
			productRefGroup = F75E8946273842CC0065B07B /* Products */;
			projectDirPath = "";
			projectRoot = "";
			targets = (
				F75E8944273842CC0065B07B /* Jalendar */,
				F75E894D273842CD0065B07B /* JalendarTests */,
			);
		};
/* End PBXProject section */

/* Begin PBXResourcesBuildPhase section */
		F75E8943273842CC0065B07B /* Resources */ = {
			isa = PBXResourcesBuildPhase;
			buildActionMask = 2147483647;
			files = (
			);
			runOnlyForDeploymentPostprocessing = 0;
		};
		F75E894C273842CD0065B07B /* Resources */ = {
			isa = PBXResourcesBuildPhase;
			buildActionMask = 2147483647;
			files = (
			);
			runOnlyForDeploymentPostprocessing = 0;
		};
/* End PBXResourcesBuildPhase section */

/* Begin PBXSourcesBuildPhase section */
		F75E8941273842CC0065B07B /* Sources */ = {
			isa = PBXSourcesBuildPhase;
			buildActionMask = 2147483647;
			files = (
				F7D95774273C32BD0055B031 /* MonthView.swift in Sources */,
				F75E897B27384B960065B07B /* Constants.swift in Sources */,
				F7D95772273C32A10055B031 /* WeekdayView.swift in Sources */,
				F75E896E27384A270065B07B /* CalendarView.swift in Sources */,
				F75E896A273847180065B07B /* CalendarConfigBuilder.swift in Sources */,
				F7D95776273C3EA90055B031 /* Date+Extensions.swift in Sources */,
				F75E897027384A460065B07B /* CalendarDataSource.swift in Sources */,
				F75E8968273843AB0065B07B /* WeekDay.swift in Sources */,
				F75E89662738439E0065B07B /* CalendarConfig.swift in Sources */,
				F75E897827384B600065B07B /* Calendar+Extensions.swift in Sources */,
				F75E896C273848250065B07B /* CalendarDefaultConfig.swift in Sources */,
				F75E897627384B260065B07B /* CalendarDelegate.swift in Sources */,
			);
			runOnlyForDeploymentPostprocessing = 0;
		};
		F75E894A273842CD0065B07B /* Sources */ = {
			isa = PBXSourcesBuildPhase;
			buildActionMask = 2147483647;
			files = (
				F75E8954273842CD0065B07B /* JalendarTests.swift in Sources */,
			);
			runOnlyForDeploymentPostprocessing = 0;
		};
/* End PBXSourcesBuildPhase section */

/* Begin PBXTargetDependency section */
		F75E8951273842CD0065B07B /* PBXTargetDependency */ = {
			isa = PBXTargetDependency;
			target = F75E8944273842CC0065B07B /* Jalendar */;
			targetProxy = F75E8950273842CD0065B07B /* PBXContainerItemProxy */;
		};
/* End PBXTargetDependency section */

/* Begin XCBuildConfiguration section */
		F75E8957273842CD0065B07B /* Debug */ = {
			isa = XCBuildConfiguration;
			buildSettings = {
				ALWAYS_SEARCH_USER_PATHS = NO;
				CLANG_ANALYZER_NONNULL = YES;
				CLANG_ANALYZER_NUMBER_OBJECT_CONVERSION = YES_AGGRESSIVE;
				CLANG_CXX_LANGUAGE_STANDARD = "gnu++14";
				CLANG_CXX_LIBRARY = "libc++";
				CLANG_ENABLE_MODULES = YES;
				CLANG_ENABLE_OBJC_ARC = YES;
				CLANG_ENABLE_OBJC_WEAK = YES;
				CLANG_WARN_BLOCK_CAPTURE_AUTORELEASING = YES;
				CLANG_WARN_BOOL_CONVERSION = YES;
				CLANG_WARN_COMMA = YES;
				CLANG_WARN_CONSTANT_CONVERSION = YES;
				CLANG_WARN_DEPRECATED_OBJC_IMPLEMENTATIONS = YES;
				CLANG_WARN_DIRECT_OBJC_ISA_USAGE = YES_ERROR;
				CLANG_WARN_DOCUMENTATION_COMMENTS = YES;
				CLANG_WARN_EMPTY_BODY = YES;
				CLANG_WARN_ENUM_CONVERSION = YES;
				CLANG_WARN_INFINITE_RECURSION = YES;
				CLANG_WARN_INT_CONVERSION = YES;
				CLANG_WARN_NON_LITERAL_NULL_CONVERSION = YES;
				CLANG_WARN_OBJC_IMPLICIT_RETAIN_SELF = YES;
				CLANG_WARN_OBJC_LITERAL_CONVERSION = YES;
				CLANG_WARN_OBJC_ROOT_CLASS = YES_ERROR;
				CLANG_WARN_QUOTED_INCLUDE_IN_FRAMEWORK_HEADER = YES;
				CLANG_WARN_RANGE_LOOP_ANALYSIS = YES;
				CLANG_WARN_STRICT_PROTOTYPES = YES;
				CLANG_WARN_SUSPICIOUS_MOVE = YES;
				CLANG_WARN_UNGUARDED_AVAILABILITY = YES_AGGRESSIVE;
				CLANG_WARN_UNREACHABLE_CODE = YES;
				CLANG_WARN__DUPLICATE_METHOD_MATCH = YES;
				COPY_PHASE_STRIP = NO;
				CURRENT_PROJECT_VERSION = 1;
				DEBUG_INFORMATION_FORMAT = dwarf;
				ENABLE_STRICT_OBJC_MSGSEND = YES;
				ENABLE_TESTABILITY = YES;
				GCC_C_LANGUAGE_STANDARD = gnu11;
				GCC_DYNAMIC_NO_PIC = NO;
				GCC_NO_COMMON_BLOCKS = YES;
				GCC_OPTIMIZATION_LEVEL = 0;
				GCC_PREPROCESSOR_DEFINITIONS = (
					"DEBUG=1",
					"$(inherited)",
				);
				GCC_WARN_64_TO_32_BIT_CONVERSION = YES;
				GCC_WARN_ABOUT_RETURN_TYPE = YES_ERROR;
				GCC_WARN_UNDECLARED_SELECTOR = YES;
				GCC_WARN_UNINITIALIZED_AUTOS = YES_AGGRESSIVE;
				GCC_WARN_UNUSED_FUNCTION = YES;
				GCC_WARN_UNUSED_VARIABLE = YES;
				IPHONEOS_DEPLOYMENT_TARGET = 14.5;
				MTL_ENABLE_DEBUG_INFO = INCLUDE_SOURCE;
				MTL_FAST_MATH = YES;
				ONLY_ACTIVE_ARCH = YES;
				SDKROOT = iphoneos;
				SWIFT_ACTIVE_COMPILATION_CONDITIONS = DEBUG;
				SWIFT_OPTIMIZATION_LEVEL = "-Onone";
				VERSIONING_SYSTEM = "apple-generic";
				VERSION_INFO_PREFIX = "";
			};
			name = Debug;
		};
		F75E8958273842CD0065B07B /* Release */ = {
			isa = XCBuildConfiguration;
			buildSettings = {
				ALWAYS_SEARCH_USER_PATHS = NO;
				CLANG_ANALYZER_NONNULL = YES;
				CLANG_ANALYZER_NUMBER_OBJECT_CONVERSION = YES_AGGRESSIVE;
				CLANG_CXX_LANGUAGE_STANDARD = "gnu++14";
				CLANG_CXX_LIBRARY = "libc++";
				CLANG_ENABLE_MODULES = YES;
				CLANG_ENABLE_OBJC_ARC = YES;
				CLANG_ENABLE_OBJC_WEAK = YES;
				CLANG_WARN_BLOCK_CAPTURE_AUTORELEASING = YES;
				CLANG_WARN_BOOL_CONVERSION = YES;
				CLANG_WARN_COMMA = YES;
				CLANG_WARN_CONSTANT_CONVERSION = YES;
				CLANG_WARN_DEPRECATED_OBJC_IMPLEMENTATIONS = YES;
				CLANG_WARN_DIRECT_OBJC_ISA_USAGE = YES_ERROR;
				CLANG_WARN_DOCUMENTATION_COMMENTS = YES;
				CLANG_WARN_EMPTY_BODY = YES;
				CLANG_WARN_ENUM_CONVERSION = YES;
				CLANG_WARN_INFINITE_RECURSION = YES;
				CLANG_WARN_INT_CONVERSION = YES;
				CLANG_WARN_NON_LITERAL_NULL_CONVERSION = YES;
				CLANG_WARN_OBJC_IMPLICIT_RETAIN_SELF = YES;
				CLANG_WARN_OBJC_LITERAL_CONVERSION = YES;
				CLANG_WARN_OBJC_ROOT_CLASS = YES_ERROR;
				CLANG_WARN_QUOTED_INCLUDE_IN_FRAMEWORK_HEADER = YES;
				CLANG_WARN_RANGE_LOOP_ANALYSIS = YES;
				CLANG_WARN_STRICT_PROTOTYPES = YES;
				CLANG_WARN_SUSPICIOUS_MOVE = YES;
				CLANG_WARN_UNGUARDED_AVAILABILITY = YES_AGGRESSIVE;
				CLANG_WARN_UNREACHABLE_CODE = YES;
				CLANG_WARN__DUPLICATE_METHOD_MATCH = YES;
				COPY_PHASE_STRIP = NO;
				CURRENT_PROJECT_VERSION = 1;
				DEBUG_INFORMATION_FORMAT = "dwarf-with-dsym";
				ENABLE_NS_ASSERTIONS = NO;
				ENABLE_STRICT_OBJC_MSGSEND = YES;
				GCC_C_LANGUAGE_STANDARD = gnu11;
				GCC_NO_COMMON_BLOCKS = YES;
				GCC_WARN_64_TO_32_BIT_CONVERSION = YES;
				GCC_WARN_ABOUT_RETURN_TYPE = YES_ERROR;
				GCC_WARN_UNDECLARED_SELECTOR = YES;
				GCC_WARN_UNINITIALIZED_AUTOS = YES_AGGRESSIVE;
				GCC_WARN_UNUSED_FUNCTION = YES;
				GCC_WARN_UNUSED_VARIABLE = YES;
				IPHONEOS_DEPLOYMENT_TARGET = 14.5;
				MTL_ENABLE_DEBUG_INFO = NO;
				MTL_FAST_MATH = YES;
				SDKROOT = iphoneos;
				SWIFT_COMPILATION_MODE = wholemodule;
				SWIFT_OPTIMIZATION_LEVEL = "-O";
				VALIDATE_PRODUCT = YES;
				VERSIONING_SYSTEM = "apple-generic";
				VERSION_INFO_PREFIX = "";
			};
			name = Release;
		};
		F75E895A273842CD0065B07B /* Debug */ = {
			isa = XCBuildConfiguration;
			buildSettings = {
				CLANG_ENABLE_MODULES = YES;
				CODE_SIGN_STYLE = Automatic;
				DEFINES_MODULE = YES;
				DEVELOPMENT_TEAM = 28332VQ6S8;
				DYLIB_COMPATIBILITY_VERSION = 1;
				DYLIB_CURRENT_VERSION = 1;
				DYLIB_INSTALL_NAME_BASE = "@rpath";
				INFOPLIST_FILE = Jalendar/Info.plist;
				INSTALL_PATH = "$(LOCAL_LIBRARY_DIR)/Frameworks";
				LD_RUNPATH_SEARCH_PATHS = (
					"$(inherited)",
					"@executable_path/Frameworks",
					"@loader_path/Frameworks",
				);
				PRODUCT_BUNDLE_IDENTIFIER = com.shan.Jalendar;
				PRODUCT_NAME = "$(TARGET_NAME:c99extidentifier)";
				SKIP_INSTALL = YES;
				SWIFT_OPTIMIZATION_LEVEL = "-Onone";
				SWIFT_VERSION = 5.0;
				TARGETED_DEVICE_FAMILY = "1,2";
			};
			name = Debug;
		};
		F75E895B273842CD0065B07B /* Release */ = {
			isa = XCBuildConfiguration;
			buildSettings = {
				CLANG_ENABLE_MODULES = YES;
				CODE_SIGN_STYLE = Automatic;
				DEFINES_MODULE = YES;
				DEVELOPMENT_TEAM = 28332VQ6S8;
				DYLIB_COMPATIBILITY_VERSION = 1;
				DYLIB_CURRENT_VERSION = 1;
				DYLIB_INSTALL_NAME_BASE = "@rpath";
				INFOPLIST_FILE = Jalendar/Info.plist;
				INSTALL_PATH = "$(LOCAL_LIBRARY_DIR)/Frameworks";
				LD_RUNPATH_SEARCH_PATHS = (
					"$(inherited)",
					"@executable_path/Frameworks",
					"@loader_path/Frameworks",
				);
				PRODUCT_BUNDLE_IDENTIFIER = com.shan.Jalendar;
				PRODUCT_NAME = "$(TARGET_NAME:c99extidentifier)";
				SKIP_INSTALL = YES;
				SWIFT_VERSION = 5.0;
				TARGETED_DEVICE_FAMILY = "1,2";
			};
			name = Release;
		};
		F75E895D273842CD0065B07B /* Debug */ = {
			isa = XCBuildConfiguration;
			buildSettings = {
				ALWAYS_EMBED_SWIFT_STANDARD_LIBRARIES = YES;
				CODE_SIGN_STYLE = Automatic;
				DEVELOPMENT_TEAM = 28332VQ6S8;
				INFOPLIST_FILE = JalendarTests/Info.plist;
				LD_RUNPATH_SEARCH_PATHS = (
					"$(inherited)",
					"@executable_path/Frameworks",
					"@loader_path/Frameworks",
				);
				PRODUCT_BUNDLE_IDENTIFIER = com.shan.JalendarTests;
				PRODUCT_NAME = "$(TARGET_NAME)";
				SWIFT_VERSION = 5.0;
				TARGETED_DEVICE_FAMILY = "1,2";
			};
			name = Debug;
		};
		F75E895E273842CD0065B07B /* Release */ = {
			isa = XCBuildConfiguration;
			buildSettings = {
				ALWAYS_EMBED_SWIFT_STANDARD_LIBRARIES = YES;
				CODE_SIGN_STYLE = Automatic;
				DEVELOPMENT_TEAM = 28332VQ6S8;
				INFOPLIST_FILE = JalendarTests/Info.plist;
				LD_RUNPATH_SEARCH_PATHS = (
					"$(inherited)",
					"@executable_path/Frameworks",
					"@loader_path/Frameworks",
				);
				PRODUCT_BUNDLE_IDENTIFIER = com.shan.JalendarTests;
				PRODUCT_NAME = "$(TARGET_NAME)";
				SWIFT_VERSION = 5.0;
				TARGETED_DEVICE_FAMILY = "1,2";
			};
			name = Release;
		};
/* End XCBuildConfiguration section */

/* Begin XCConfigurationList section */
		F75E893F273842CC0065B07B /* Build configuration list for PBXProject "Jalendar" */ = {
			isa = XCConfigurationList;
			buildConfigurations = (
				F75E8957273842CD0065B07B /* Debug */,
				F75E8958273842CD0065B07B /* Release */,
			);
			defaultConfigurationIsVisible = 0;
			defaultConfigurationName = Release;
		};
		F75E8959273842CD0065B07B /* Build configuration list for PBXNativeTarget "Jalendar" */ = {
			isa = XCConfigurationList;
			buildConfigurations = (
				F75E895A273842CD0065B07B /* Debug */,
				F75E895B273842CD0065B07B /* Release */,
			);
			defaultConfigurationIsVisible = 0;
			defaultConfigurationName = Release;
		};
		F75E895C273842CD0065B07B /* Build configuration list for PBXNativeTarget "JalendarTests" */ = {
			isa = XCConfigurationList;
			buildConfigurations = (
				F75E895D273842CD0065B07B /* Debug */,
				F75E895E273842CD0065B07B /* Release */,
			);
			defaultConfigurationIsVisible = 0;
			defaultConfigurationName = Release;
		};
/* End XCConfigurationList section */
	};
	rootObject = F75E893C273842CC0065B07B /* Project object */;
}
